
Microsoft Visual Studio Solution File, Format Version 11.00
# Visual C# Express 2010
Project("{FAE04EC0-301F-11D3-BF4B-00C04F79EFBC}") = "Adafruit GPS Logger", "Adafruit GPS Logger\Adafruit GPS Logger.csproj", "{6337B204-84E1-4150-BC1C-EEECDD53A3D8}"
EndProject
Global
	GlobalSection(SolutionConfigurationPlatforms) = preSolution
		Debug|Any CPU = Debug|Any CPU
		Release|Any CPU = Release|Any CPU
	EndGlobalSection
	GlobalSection(ProjectConfigurationPlatforms) = postSolution
		{6337B204-84E1-4150-BC1C-EEECDD53A3D8}.Debug|Any CPU.ActiveCfg = Debug|Any CPU
		{6337B204-84E1-4150-BC1C-EEECDD53A3D8}.Debug|Any CPU.Build.0 = Debug|Any CPU
		{6337B204-84E1-4150-BC1C-EEECDD53A3D8}.Debug|Any CPU.Deploy.0 = Debug|Any CPU
		{6337B204-84E1-4150-BC1C-EEECDD53A3D8}.Release|Any CPU.ActiveCfg = Release|Any CPU
		{6337B204-84E1-4150-BC1C-EEECDD53A3D8}.Release|Any CPU.Build.0 = Release|Any CPU
		{6337B204-84E1-4150-BC1C-EEECDD53A3D8}.Release|Any CPU.Deploy.0 = Release|Any CPU
	EndGlobalSection
	GlobalSection(SolutionProperties) = preSolution
		HideSolutionNode = FALSE
	EndGlobalSection
EndGlobal
