
Microsoft Visual Studio Solution File, Format Version 11.00
# Visual C# Express 2010
Project("{FAE04EC0-301F-11D3-BF4B-00C04F79EFBC}") = "Adafruit Fridgelogger", "Adafruit Fridgelogger\Adafruit Fridgelogger.csproj", "{1EEAF0D7-09F2-4279-83F2-B904F29C1A8B}"
EndProject
Global
	GlobalSection(SolutionConfigurationPlatforms) = preSolution
		Debug|Any CPU = Debug|Any CPU
		Release|Any CPU = Release|Any CPU
	EndGlobalSection
	GlobalSection(ProjectConfigurationPlatforms) = postSolution
		{1EEAF0D7-09F2-4279-83F2-B904F29C1A8B}.Debug|Any CPU.ActiveCfg = Debug|Any CPU
		{1EEAF0D7-09F2-4279-83F2-B904F29C1A8B}.Debug|Any CPU.Build.0 = Debug|Any CPU
		{1EEAF0D7-09F2-4279-83F2-B904F29C1A8B}.Debug|Any CPU.Deploy.0 = Debug|Any CPU
		{1EEAF0D7-09F2-4279-83F2-B904F29C1A8B}.Release|Any CPU.ActiveCfg = Release|Any CPU
		{1EEAF0D7-09F2-4279-83F2-B904F29C1A8B}.Release|Any CPU.Build.0 = Release|Any CPU
		{1EEAF0D7-09F2-4279-83F2-B904F29C1A8B}.Release|Any CPU.Deploy.0 = Release|Any CPU
	EndGlobalSection
	GlobalSection(SolutionProperties) = preSolution
		HideSolutionNode = FALSE
	EndGlobalSection
EndGlobal
