
Microsoft Visual Studio Solution File, Format Version 11.00
# Visual C# Express 2010
Project("{FAE04EC0-301F-11D3-BF4B-00C04F79EFBC}") = "HD44780 LCD", "HD44780 LCD\HD44780 LCD.csproj", "{FFD5EFAE-FA7D-4D72-B66A-87089AF84BB2}"
EndProject
Global
	GlobalSection(SolutionConfigurationPlatforms) = preSolution
		Debug|Any CPU = Debug|Any CPU
		Release|Any CPU = Release|Any CPU
	EndGlobalSection
	GlobalSection(ProjectConfigurationPlatforms) = postSolution
		{FFD5EFAE-FA7D-4D72-B66A-87089AF84BB2}.Debug|Any CPU.ActiveCfg = Debug|Any CPU
		{FFD5EFAE-FA7D-4D72-B66A-87089AF84BB2}.Debug|Any CPU.Build.0 = Debug|Any CPU
		{FFD5EFAE-FA7D-4D72-B66A-87089AF84BB2}.Debug|Any CPU.Deploy.0 = Debug|Any CPU
		{FFD5EFAE-FA7D-4D72-B66A-87089AF84BB2}.Release|Any CPU.ActiveCfg = Release|Any CPU
		{FFD5EFAE-FA7D-4D72-B66A-87089AF84BB2}.Release|Any CPU.Build.0 = Release|Any CPU
		{FFD5EFAE-FA7D-4D72-B66A-87089AF84BB2}.Release|Any CPU.Deploy.0 = Release|Any CPU
	EndGlobalSection
	GlobalSection(SolutionProperties) = preSolution
		HideSolutionNode = FALSE
	EndGlobalSection
EndGlobal
