
Microsoft Visual Studio Solution File, Format Version 11.00
# Visual C# Express 2010
Project("{FAE04EC0-301F-11D3-BF4B-00C04F79EFBC}") = "Rdm630 RFID Reader", "Rdm630 RFID Reader\Rdm630 RFID Reader.csproj", "{BBCE0D2F-4E9F-4DFF-8E90-8F47AED9FEC4}"
EndProject
Global
	GlobalSection(SolutionConfigurationPlatforms) = preSolution
		Debug|Any CPU = Debug|Any CPU
		Release|Any CPU = Release|Any CPU
	EndGlobalSection
	GlobalSection(ProjectConfigurationPlatforms) = postSolution
		{BBCE0D2F-4E9F-4DFF-8E90-8F47AED9FEC4}.Debug|Any CPU.ActiveCfg = Debug|Any CPU
		{BBCE0D2F-4E9F-4DFF-8E90-8F47AED9FEC4}.Debug|Any CPU.Build.0 = Debug|Any CPU
		{BBCE0D2F-4E9F-4DFF-8E90-8F47AED9FEC4}.Debug|Any CPU.Deploy.0 = Debug|Any CPU
		{BBCE0D2F-4E9F-4DFF-8E90-8F47AED9FEC4}.Release|Any CPU.ActiveCfg = Release|Any CPU
		{BBCE0D2F-4E9F-4DFF-8E90-8F47AED9FEC4}.Release|Any CPU.Build.0 = Release|Any CPU
		{BBCE0D2F-4E9F-4DFF-8E90-8F47AED9FEC4}.Release|Any CPU.Deploy.0 = Release|Any CPU
	EndGlobalSection
	GlobalSection(SolutionProperties) = preSolution
		HideSolutionNode = FALSE
	EndGlobalSection
EndGlobal
