
Microsoft Visual Studio Solution File, Format Version 11.00
# Visual Basic Express 2010
Project("{F184B08F-C81C-45F6-A57F-5ABD9991F28F}") = "WiFly Socket", "WiFly Socket\WiFly Socket.vbproj", "{4AE57280-06CD-4887-85C2-9FB808754813}"
EndProject
Global
	GlobalSection(SolutionConfigurationPlatforms) = preSolution
		Debug|Any CPU = Debug|Any CPU
		Release|Any CPU = Release|Any CPU
	EndGlobalSection
	GlobalSection(ProjectConfigurationPlatforms) = postSolution
		{4AE57280-06CD-4887-85C2-9FB808754813}.Debug|Any CPU.ActiveCfg = Debug|Any CPU
		{4AE57280-06CD-4887-85C2-9FB808754813}.Debug|Any CPU.Build.0 = Debug|Any CPU
		{4AE57280-06CD-4887-85C2-9FB808754813}.Debug|Any CPU.Deploy.0 = Debug|Any CPU
		{4AE57280-06CD-4887-85C2-9FB808754813}.Release|Any CPU.ActiveCfg = Release|Any CPU
		{4AE57280-06CD-4887-85C2-9FB808754813}.Release|Any CPU.Build.0 = Release|Any CPU
		{4AE57280-06CD-4887-85C2-9FB808754813}.Release|Any CPU.Deploy.0 = Release|Any CPU
	EndGlobalSection
	GlobalSection(SolutionProperties) = preSolution
		HideSolutionNode = FALSE
	EndGlobalSection
EndGlobal
